
Microsoft Visual Studio Solution File, Format Version 12.00
# Visual Studio Version 17
VisualStudioVersion = 17.6.33829.357
MinimumVisualStudioVersion = 10.0.40219.1
Project("{2150E333-8FDC-42A3-9474-1A3956D46DE8}") = "src", "src", "{F88D6730-DBAC-4585-A1B5-34A937A68058}"
EndProject
Project("{2150E333-8FDC-42A3-9474-1A3956D46DE8}") = "tests", "tests", "{1BC4B3CD-6FA7-4C67-8ACC-17D3D944F2B3}"
EndProject
Project("{9A19103F-16F7-4668-BE54-9A1E7A4F7556}") = "Bookify.Domain", "src\Bookify.Domain\Bookify.Domain.csproj", "{F4D159B3-C7F3-4928-BD96-0F341E80DEF7}"
EndProject
Project("{9A19103F-16F7-4668-BE54-9A1E7A4F7556}") = "Bookify.Application", "src\Bookify.Application\Bookify.Application.csproj", "{91B3E7EA-2805-425C-9D86-B9E2F9F8F36E}"
EndProject
Project("{FAE04EC0-301F-11D3-BF4B-00C04F79EFBC}") = "Bookify.Infrastructure", "src\Bookify.Infrastructure\Bookify.Infrastructure.csproj", "{161738A5-145E-4B26-839F-81BCCBB48C86}"
EndProject
Global
	GlobalSection(SolutionConfigurationPlatforms) = preSolution
		Debug|Any CPU = Debug|Any CPU
		Release|Any CPU = Release|Any CPU
	EndGlobalSection
	GlobalSection(ProjectConfigurationPlatforms) = postSolution
		{F4D159B3-C7F3-4928-BD96-0F341E80DEF7}.Debug|Any CPU.ActiveCfg = Debug|Any CPU
		{F4D159B3-C7F3-4928-BD96-0F341E80DEF7}.Debug|Any CPU.Build.0 = Debug|Any CPU
		{F4D159B3-C7F3-4928-BD96-0F341E80DEF7}.Release|Any CPU.ActiveCfg = Release|Any CPU
		{F4D159B3-C7F3-4928-BD96-0F341E80DEF7}.Release|Any CPU.Build.0 = Release|Any CPU
		{91B3E7EA-2805-425C-9D86-B9E2F9F8F36E}.Debug|Any CPU.ActiveCfg = Debug|Any CPU
		{91B3E7EA-2805-425C-9D86-B9E2F9F8F36E}.Debug|Any CPU.Build.0 = Debug|Any CPU
		{91B3E7EA-2805-425C-9D86-B9E2F9F8F36E}.Release|Any CPU.ActiveCfg = Release|Any CPU
		{91B3E7EA-2805-425C-9D86-B9E2F9F8F36E}.Release|Any CPU.Build.0 = Release|Any CPU
		{161738A5-145E-4B26-839F-81BCCBB48C86}.Debug|Any CPU.ActiveCfg = Debug|Any CPU
		{161738A5-145E-4B26-839F-81BCCBB48C86}.Debug|Any CPU.Build.0 = Debug|Any CPU
		{161738A5-145E-4B26-839F-81BCCBB48C86}.Release|Any CPU.ActiveCfg = Release|Any CPU
		{161738A5-145E-4B26-839F-81BCCBB48C86}.Release|Any CPU.Build.0 = Release|Any CPU
	EndGlobalSection
	GlobalSection(SolutionProperties) = preSolution
		HideSolutionNode = FALSE
	EndGlobalSection
	GlobalSection(NestedProjects) = preSolution
		{F4D159B3-C7F3-4928-BD96-0F341E80DEF7} = {F88D6730-DBAC-4585-A1B5-34A937A68058}
		{91B3E7EA-2805-425C-9D86-B9E2F9F8F36E} = {F88D6730-DBAC-4585-A1B5-34A937A68058}
		{161738A5-145E-4B26-839F-81BCCBB48C86} = {F88D6730-DBAC-4585-A1B5-34A937A68058}
	EndGlobalSection
	GlobalSection(ExtensibilityGlobals) = postSolution
		SolutionGuid = {0900663B-CD02-4C4A-9862-EBD125DD9593}
	EndGlobalSection
EndGlobal
